PODS:
  - QwikHttp (1.10.3):
    - QwikJson
  - QwikJson (1.0.25)
  - SeaseAssist (0.0.85)

DEPENDENCIES:
  - QwikHttp
  - SeaseAssist

SPEC REPOS:
  trunk:
    - QwikHttp
    - QwikJson
    - SeaseAssist

SPEC CHECKSUMS:
  QwikHttp: f695bdabb5471eea3325e7c8c2ea65a9e165830d
  QwikJson: 1ef0ecb40550c9b0246a5f032442435abbaddda5
  SeaseAssist: 95432e09674d00fcd3d57bde0d646ac005f28c47

PODFILE CHECKSUM: 677db436a573c09065fc0438838f795e3954fc5f

COCOAPODS: 1.8.4
